{
  "version": 4,
  "terraform_version": "1.2.2",
  "serial": 24,
  "lineage": "fb8c6cc1-7c25-e1c4-e1e2-23d210ebd5d9",
  "outputs": {
    "repo_url": {
      "value": "https://source.developers.google.com/p/wx-api-rewards-customer-hub/r/wx-api-rewards-customer-hub",
      "type": "string"
    },
    "wx-api-rewards-customer-hub_http_url": {
      "value": "https://wx-api-rewards-customer-hub-http-azqo7xlxfq-ts.a.run.app",
      "type": "string"
    }
  },
  "resources": [
    {
      "mode": "data",
      "type": "google_billing_account",
      "name": "account",
      "provider": "provider[\"registry.terraform.io/hashicorp/google\"]",
      "instances": [
        {
          "schema_version": 0,
          "attributes": {
            "billing_account": null,
            "display_name": "My Billing Account",
            "id": "014711-065797-4C695F",
            "name": "billingAccounts/014711-065797-4C695F",
            "open": true,
            "project_ids": [
              "swift-firmament-352701",
              "wx-api-rewards-customer-hub"
            ]
          },
          "sensitive_attributes": []
        }
      ]
    },
    {
      "mode": "managed",
      "type": "google_cloudbuild_trigger",
      "name": "trigger",
      "provider": "provider[\"registry.terraform.io/hashicorp/google\"]",
      "instances": [
        {
          "schema_version": 1,
          "attributes": {
            "approval_config": [
              {
                "approval_required": false
              }
            ],
            "build": [],
            "create_time": "2022-06-10T00:34:46.489733387Z",
            "description": "",
            "disabled": false,
            "filename": "cloudbuild.yaml",
            "filter": "",
            "git_file_source": [],
            "github": [],
            "id": "projects/wx-api-rewards-customer-hub/triggers/484af6e6-5ce0-449e-9178-9ace7412cde4",
            "ignored_files": [],
            "included_files": [],
            "name": "trigger",
            "project": "wx-api-rewards-customer-hub",
            "pubsub_config": [],
            "service_account": "",
            "source_to_build": [],
            "substitutions": {},
            "tags": [],
            "timeouts": null,
            "trigger_id": "484af6e6-5ce0-449e-9178-9ace7412cde4",
            "trigger_template": [
              {
                "branch_name": "master",
                "commit_sha": "",
                "dir": "",
                "invert_regex": false,
                "project_id": "wx-api-rewards-customer-hub",
                "repo_name": "wx-api-rewards-customer-hub",
                "tag_name": ""
              }
            ],
            "webhook_config": []
          },
          "sensitive_attributes": [],
          "private": "eyJlMmJmYjczMC1lY2FhLTExZTYtOGY4OC0zNDM2M2JjN2M0YzAiOnsiY3JlYXRlIjoxMjAwMDAwMDAwMDAwLCJkZWxldGUiOjEyMDAwMDAwMDAwMDAsInVwZGF0ZSI6MTIwMDAwMDAwMDAwMH0sInNjaGVtYV92ZXJzaW9uIjoiMSJ9",
          "dependencies": [
            "data.google_billing_account.account",
            "google_project.project",
            "google_project_service.source_repo",
            "google_sourcerepo_repository.repo"
          ]
        }
      ]
    },
    {
      "mode": "managed",
      "type": "google_project",
      "name": "project",
      "provider": "provider[\"registry.terraform.io/hashicorp/google\"]",
      "instances": [
        {
          "schema_version": 1,
          "attributes": {
            "auto_create_network": true,
            "billing_account": "014711-065797-4C695F",
            "folder_id": null,
            "id": "projects/wx-api-rewards-customer-hub",
            "labels": {},
            "name": "wx-api-rewards-customer-hub",
            "number": "367998615101",
            "org_id": null,
            "project_id": "wx-api-rewards-customer-hub",
            "skip_delete": null,
            "timeouts": null
          },
          "sensitive_attributes": [],
          "private": "eyJlMmJmYjczMC1lY2FhLTExZTYtOGY4OC0zNDM2M2JjN2M0YzAiOnsiY3JlYXRlIjo2MDAwMDAwMDAwMDAsImRlbGV0ZSI6NjAwMDAwMDAwMDAwLCJyZWFkIjo2MDAwMDAwMDAwMDAsInVwZGF0ZSI6NjAwMDAwMDAwMDAwfSwic2NoZW1hX3ZlcnNpb24iOiIxIn0=",
          "dependencies": [
            "data.google_billing_account.account"
          ]
        }
      ]
    },
    {
      "mode": "managed",
      "type": "google_project_iam_member",
      "name": "api_keys_admin",
      "provider": "provider[\"registry.terraform.io/hashicorp/google\"]",
      "instances": [
        {
          "schema_version": 0,
          "attributes": {
            "condition": [],
            "etag": "BwXhDTAKLIE=",
            "id": "wx-api-rewards-customer-hub/roles/serviceusage.apiKeysViewer/serviceAccount:367998615101@cloudbuild.gserviceaccount.com",
            "member": "serviceAccount:367998615101@cloudbuild.gserviceaccount.com",
            "project": "wx-api-rewards-customer-hub",
            "role": "roles/serviceusage.apiKeysViewer"
          },
          "sensitive_attributes": [],
          "private": "bnVsbA==",
          "dependencies": [
            "data.google_billing_account.account",
            "google_project.project",
            "google_project_service.cloud_build"
          ]
        }
      ]
    },
    {
      "mode": "managed",
      "type": "google_project_iam_member",
      "name": "cloud_run_admin",
      "provider": "provider[\"registry.terraform.io/hashicorp/google\"]",
      "instances": [
        {
          "schema_version": 0,
          "attributes": {
            "condition": [],
            "etag": "BwXhDTAKLIE=",
            "id": "wx-api-rewards-customer-hub/roles/run.admin/serviceAccount:367998615101@cloudbuild.gserviceaccount.com",
            "member": "serviceAccount:367998615101@cloudbuild.gserviceaccount.com",
            "project": "wx-api-rewards-customer-hub",
            "role": "roles/run.admin"
          },
          "sensitive_attributes": [],
          "private": "bnVsbA==",
          "dependencies": [
            "data.google_billing_account.account",
            "google_project.project",
            "google_project_service.cloud_build"
          ]
        }
      ]
    },
    {
      "mode": "managed",
      "type": "google_project_iam_member",
      "name": "owner",
      "provider": "provider[\"registry.terraform.io/hashicorp/google\"]",
      "instances": [
        {
          "schema_version": 0,
          "attributes": {
            "condition": [],
            "etag": "BwXhDTAKLIE=",
            "id": "wx-api-rewards-customer-hub/roles/owner/user:sean.test.env@gmail.com",
            "member": "user:sean.test.env@gmail.com",
            "project": "wx-api-rewards-customer-hub",
            "role": "roles/owner"
          },
          "sensitive_attributes": [],
          "private": "bnVsbA==",
          "dependencies": [
            "data.google_billing_account.account",
            "google_project.project"
          ]
        }
      ]
    },
    {
      "mode": "managed",
      "type": "google_project_service",
      "name": "cloud_build",
      "provider": "provider[\"registry.terraform.io/hashicorp/google\"]",
      "instances": [
        {
          "schema_version": 0,
          "attributes": {
            "disable_dependent_services": null,
            "disable_on_destroy": true,
            "id": "wx-api-rewards-customer-hub/cloudbuild.googleapis.com",
            "project": "wx-api-rewards-customer-hub",
            "service": "cloudbuild.googleapis.com",
            "timeouts": null
          },
          "sensitive_attributes": [],
          "private": "eyJlMmJmYjczMC1lY2FhLTExZTYtOGY4OC0zNDM2M2JjN2M0YzAiOnsiY3JlYXRlIjoxMjAwMDAwMDAwMDAwLCJkZWxldGUiOjEyMDAwMDAwMDAwMDAsInJlYWQiOjYwMDAwMDAwMDAwMCwidXBkYXRlIjoxMjAwMDAwMDAwMDAwfX0=",
          "dependencies": [
            "data.google_billing_account.account",
            "google_project.project"
          ]
        }
      ]
    },
    {
      "mode": "managed",
      "type": "google_project_service",
      "name": "cloud_run",
      "provider": "provider[\"registry.terraform.io/hashicorp/google\"]",
      "instances": [
        {
          "schema_version": 0,
          "attributes": {
            "disable_dependent_services": null,
            "disable_on_destroy": true,
            "id": "wx-api-rewards-customer-hub/run.googleapis.com",
            "project": "wx-api-rewards-customer-hub",
            "service": "run.googleapis.com",
            "timeouts": null
          },
          "sensitive_attributes": [],
          "private": "eyJlMmJmYjczMC1lY2FhLTExZTYtOGY4OC0zNDM2M2JjN2M0YzAiOnsiY3JlYXRlIjoxMjAwMDAwMDAwMDAwLCJkZWxldGUiOjEyMDAwMDAwMDAwMDAsInJlYWQiOjYwMDAwMDAwMDAwMCwidXBkYXRlIjoxMjAwMDAwMDAwMDAwfX0=",
          "dependencies": [
            "data.google_billing_account.account",
            "google_project.project"
          ]
        }
      ]
    },
    {
      "mode": "managed",
      "type": "google_project_service",
      "name": "compute",
      "provider": "provider[\"registry.terraform.io/hashicorp/google\"]",
      "instances": [
        {
          "schema_version": 0,
          "attributes": {
            "disable_dependent_services": null,
            "disable_on_destroy": true,
            "id": "wx-api-rewards-customer-hub/compute.googleapis.com",
            "project": "wx-api-rewards-customer-hub",
            "service": "compute.googleapis.com",
            "timeouts": null
          },
          "sensitive_attributes": [],
          "private": "eyJlMmJmYjczMC1lY2FhLTExZTYtOGY4OC0zNDM2M2JjN2M0YzAiOnsiY3JlYXRlIjoxMjAwMDAwMDAwMDAwLCJkZWxldGUiOjEyMDAwMDAwMDAwMDAsInJlYWQiOjYwMDAwMDAwMDAwMCwidXBkYXRlIjoxMjAwMDAwMDAwMDAwfX0=",
          "dependencies": [
            "data.google_billing_account.account",
            "google_project.project"
          ]
        }
      ]
    },
    {
      "mode": "managed",
      "type": "google_project_service",
      "name": "container_registry",
      "provider": "provider[\"registry.terraform.io/hashicorp/google\"]",
      "instances": [
        {
          "schema_version": 0,
          "attributes": {
            "disable_dependent_services": true,
            "disable_on_destroy": true,
            "id": "wx-api-rewards-customer-hub/containerregistry.googleapis.com",
            "project": "wx-api-rewards-customer-hub",
            "service": "containerregistry.googleapis.com",
            "timeouts": null
          },
          "sensitive_attributes": [],
          "private": "eyJlMmJmYjczMC1lY2FhLTExZTYtOGY4OC0zNDM2M2JjN2M0YzAiOnsiY3JlYXRlIjoxMjAwMDAwMDAwMDAwLCJkZWxldGUiOjEyMDAwMDAwMDAwMDAsInJlYWQiOjYwMDAwMDAwMDAwMCwidXBkYXRlIjoxMjAwMDAwMDAwMDAwfX0=",
          "dependencies": [
            "data.google_billing_account.account",
            "google_project.project"
          ]
        }
      ]
    },
    {
      "mode": "managed",
      "type": "google_project_service",
      "name": "source_repo",
      "provider": "provider[\"registry.terraform.io/hashicorp/google\"]",
      "instances": [
        {
          "schema_version": 0,
          "attributes": {
            "disable_dependent_services": null,
            "disable_on_destroy": true,
            "id": "wx-api-rewards-customer-hub/sourcerepo.googleapis.com",
            "project": "wx-api-rewards-customer-hub",
            "service": "sourcerepo.googleapis.com",
            "timeouts": null
          },
          "sensitive_attributes": [],
          "private": "eyJlMmJmYjczMC1lY2FhLTExZTYtOGY4OC0zNDM2M2JjN2M0YzAiOnsiY3JlYXRlIjoxMjAwMDAwMDAwMDAwLCJkZWxldGUiOjEyMDAwMDAwMDAwMDAsInJlYWQiOjYwMDAwMDAwMDAwMCwidXBkYXRlIjoxMjAwMDAwMDAwMDAwfX0=",
          "dependencies": [
            "data.google_billing_account.account",
            "google_project.project"
          ]
        }
      ]
    },
    {
      "mode": "managed",
      "type": "google_service_account_iam_member",
      "name": "default-compute-account",
      "provider": "provider[\"registry.terraform.io/hashicorp/google\"]",
      "instances": [
        {
          "schema_version": 0,
          "attributes": {
            "condition": [],
            "etag": "BwXhDHtOx0k=",
            "id": "projects/wx-api-rewards-customer-hub/serviceAccounts/367998615101-compute@developer.gserviceaccount.com/roles/iam.serviceAccountUser/serviceAccount:367998615101@cloudbuild.gserviceaccount.com",
            "member": "serviceAccount:367998615101@cloudbuild.gserviceaccount.com",
            "role": "roles/iam.serviceAccountUser",
            "service_account_id": "projects/wx-api-rewards-customer-hub/serviceAccounts/367998615101-compute@developer.gserviceaccount.com"
          },
          "sensitive_attributes": [],
          "private": "bnVsbA==",
          "dependencies": [
            "data.google_billing_account.account",
            "google_project.project",
            "google_project_service.cloud_build"
          ]
        }
      ]
    },
    {
      "mode": "managed",
      "type": "google_sourcerepo_repository",
      "name": "repo",
      "provider": "provider[\"registry.terraform.io/hashicorp/google\"]",
      "instances": [
        {
          "schema_version": 0,
          "attributes": {
            "id": "projects/wx-api-rewards-customer-hub/repos/wx-api-rewards-customer-hub",
            "name": "wx-api-rewards-customer-hub",
            "project": "wx-api-rewards-customer-hub",
            "pubsub_configs": [],
            "size": 0,
            "timeouts": null,
            "url": "https://source.developers.google.com/p/wx-api-rewards-customer-hub/r/wx-api-rewards-customer-hub"
          },
          "sensitive_attributes": [],
          "private": "eyJlMmJmYjczMC1lY2FhLTExZTYtOGY4OC0zNDM2M2JjN2M0YzAiOnsiY3JlYXRlIjoxMjAwMDAwMDAwMDAwLCJkZWxldGUiOjEyMDAwMDAwMDAwMDAsInVwZGF0ZSI6MTIwMDAwMDAwMDAwMH19",
          "dependencies": [
            "data.google_billing_account.account",
            "google_project.project",
            "google_project_service.source_repo"
          ]
        }
      ]
    },
    {
      "mode": "managed",
      "type": "null_resource",
      "name": "init_docker_images",
      "provider": "provider[\"registry.terraform.io/hashicorp/null\"]",
      "instances": [
        {
          "schema_version": 0,
          "attributes": {
            "id": "3614516597824775290",
            "triggers": null
          },
          "sensitive_attributes": [],
          "private": "bnVsbA==",
          "dependencies": [
            "data.google_billing_account.account",
            "google_project.project",
            "google_project_service.container_registry"
          ]
        }
      ]
    },
    {
      "module": "module.cloud_run_wx_api_rewards_customer_hub",
      "mode": "data",
      "type": "google_container_registry_image",
      "name": "image",
      "provider": "provider[\"registry.terraform.io/hashicorp/google\"]",
      "instances": [
        {
          "schema_version": 0,
          "attributes": {
            "digest": null,
            "id": "gcr.io/wx-api-rewards-customer-hub/wx-api-rewards-customer-hub",
            "image_url": "gcr.io/wx-api-rewards-customer-hub/wx-api-rewards-customer-hub",
            "name": "wx-api-rewards-customer-hub",
            "project": "wx-api-rewards-customer-hub",
            "region": null,
            "tag": null
          },
          "sensitive_attributes": []
        }
      ]
    },
    {
      "module": "module.cloud_run_wx_api_rewards_customer_hub",
      "mode": "data",
      "type": "google_iam_policy",
      "name": "noauth",
      "provider": "provider[\"registry.terraform.io/hashicorp/google\"]",
      "instances": [
        {
          "schema_version": 0,
          "attributes": {
            "audit_config": null,
            "binding": [
              {
                "condition": [],
                "members": [
                  "allUsers"
                ],
                "role": "roles/run.invoker"
              }
            ],
            "id": "3450855414",
            "policy_data": "{\"bindings\":[{\"members\":[\"allUsers\"],\"role\":\"roles/run.invoker\"}]}"
          },
          "sensitive_attributes": []
        }
      ]
    },
    {
      "module": "module.cloud_run_wx_api_rewards_customer_hub",
      "mode": "managed",
      "type": "google_cloud_run_service",
      "name": "service",
      "provider": "provider[\"registry.terraform.io/hashicorp/google\"]",
      "instances": [
        {
          "schema_version": 1,
          "attributes": {
            "autogenerate_revision_name": true,
            "id": "locations/australia-southeast1/namespaces/wx-api-rewards-customer-hub/services/wx-api-rewards-customer-hub-http",
            "location": "australia-southeast1",
            "metadata": [
              {
                "annotations": {
                  "run.googleapis.com/ingress": "all",
                  "run.googleapis.com/ingress-status": "all",
                  "serving.knative.dev/creator": "sean.test.env@gmail.com",
                  "serving.knative.dev/lastModifier": "sean.test.env@gmail.com"
                },
                "generation": 1,
                "labels": {
                  "cloud.googleapis.com/location": "australia-southeast1"
                },
                "namespace": "wx-api-rewards-customer-hub",
                "resource_version": "AAXhDSNWock",
                "self_link": "/apis/serving.knative.dev/v1/namespaces/367998615101/services/wx-api-rewards-customer-hub-http",
                "uid": "84423e42-71a5-400f-b7bb-d289a3fe630f"
              }
            ],
            "name": "wx-api-rewards-customer-hub-http",
            "project": "wx-api-rewards-customer-hub",
            "status": [
              {
                "conditions": [
                  {
                    "message": "",
                    "reason": "",
                    "status": "True",
                    "type": "Ready"
                  },
                  {
                    "message": "",
                    "reason": "",
                    "status": "True",
                    "type": "ConfigurationsReady"
                  },
                  {
                    "message": "",
                    "reason": "",
                    "status": "True",
                    "type": "RoutesReady"
                  }
                ],
                "latest_created_revision_name": "wx-api-rewards-customer-hub-http-g564k",
                "latest_ready_revision_name": "wx-api-rewards-customer-hub-http-g564k",
                "observed_generation": 1,
                "url": "https://wx-api-rewards-customer-hub-http-azqo7xlxfq-ts.a.run.app"
              }
            ],
            "template": [
              {
                "metadata": [
                  {
                    "annotations": {
                      "autoscaling.knative.dev/maxScale": "3"
                    },
                    "generation": 0,
                    "labels": {},
                    "name": "",
                    "namespace": "",
                    "resource_version": "",
                    "self_link": "",
                    "uid": ""
                  }
                ],
                "spec": [
                  {
                    "container_concurrency": 80,
                    "containers": [
                      {
                        "args": [],
                        "command": [],
                        "env": [
                          {
                            "name": "GCP_PROJECT",
                            "value": "wx-api-rewards-customer-hub",
                            "value_from": []
                          },
                          {
                            "name": "SERVER_TO_RUN",
                            "value": "http",
                            "value_from": []
                          }
                        ],
                        "env_from": [],
                        "image": "gcr.io/wx-api-rewards-customer-hub/wx-api-rewards-customer-hub",
                        "ports": [
                          {
                            "container_port": 8080,
                            "name": "http1",
                            "protocol": ""
                          }
                        ],
                        "resources": [
                          {
                            "limits": {
                              "cpu": "1000m",
                              "memory": "512Mi"
                            },
                            "requests": {}
                          }
                        ],
                        "volume_mounts": [],
                        "working_dir": ""
                      }
                    ],
                    "service_account_name": "367998615101-compute@developer.gserviceaccount.com",
                    "serving_state": "",
                    "timeout_seconds": 300,
                    "volumes": []
                  }
                ]
              }
            ],
            "timeouts": null,
            "traffic": [
              {
                "latest_revision": true,
                "percent": 100,
                "revision_name": "",
                "tag": "",
                "url": ""
              }
            ]
          },
          "sensitive_attributes": [],
          "private": "eyJlMmJmYjczMC1lY2FhLTExZTYtOGY4OC0zNDM2M2JjN2M0YzAiOnsiY3JlYXRlIjoxMjAwMDAwMDAwMDAwLCJkZWxldGUiOjEyMDAwMDAwMDAwMDAsInVwZGF0ZSI6MTIwMDAwMDAwMDAwMH0sInNjaGVtYV92ZXJzaW9uIjoiMSJ9",
          "dependencies": [
            "data.google_billing_account.account",
            "google_project.project",
            "google_project_service.container_registry",
            "module.cloud_run_wx_api_rewards_customer_hub.data.google_container_registry_image.image",
            "null_resource.init_docker_images"
          ]
        }
      ]
    },
    {
      "module": "module.cloud_run_wx_api_rewards_customer_hub",
      "mode": "managed",
      "type": "google_cloud_run_service_iam_policy",
      "name": "noauth_policy",
      "provider": "provider[\"registry.terraform.io/hashicorp/google\"]",
      "instances": [
        {
          "index_key": 0,
          "schema_version": 0,
          "attributes": {
            "etag": "BwXhDSP+NNA=",
            "id": "v1/projects/wx-api-rewards-customer-hub/locations/australia-southeast1/services/wx-api-rewards-customer-hub-http",
            "location": "australia-southeast1",
            "policy_data": "{\"bindings\":[{\"members\":[\"allUsers\"],\"role\":\"roles/run.invoker\"}]}",
            "project": "wx-api-rewards-customer-hub",
            "service": "v1/projects/wx-api-rewards-customer-hub/locations/australia-southeast1/services/wx-api-rewards-customer-hub-http"
          },
          "sensitive_attributes": [],
          "private": "bnVsbA==",
          "dependencies": [
            "data.google_billing_account.account",
            "google_project.project",
            "google_project_service.container_registry",
            "module.cloud_run_wx_api_rewards_customer_hub.data.google_container_registry_image.image",
            "module.cloud_run_wx_api_rewards_customer_hub.data.google_iam_policy.noauth",
            "module.cloud_run_wx_api_rewards_customer_hub.google_cloud_run_service.service",
            "null_resource.init_docker_images"
          ]
        }
      ]
    }
  ]
}
